
Microsoft Visual Studio Solution File, Format Version 12.00
# Visual Studio Version 16
VisualStudioVersion = 16.0.30204.135
MinimumVisualStudioVersion = 10.0.40219.1
Project("{FAE04EC0-301F-11D3-BF4B-00C04F79EFBC}") = "SpotifyStatusInVkontakte", "SpotifyStatusInVkontakte\SpotifyStatusInVkontakte.csproj", "{FF1B7B0C-4DDE-41C6-8E1B-DBEFAC007F32}"
EndProject
Global
	GlobalSection(SolutionConfigurationPlatforms) = preSolution
		Debug|Any CPU = Debug|Any CPU
		Release|Any CPU = Release|Any CPU
	EndGlobalSection
	GlobalSection(ProjectConfigurationPlatforms) = postSolution
		{FF1B7B0C-4DDE-41C6-8E1B-DBEFAC007F32}.Debug|Any CPU.ActiveCfg = Debug|Any CPU
		{FF1B7B0C-4DDE-41C6-8E1B-DBEFAC007F32}.Debug|Any CPU.Build.0 = Debug|Any CPU
		{FF1B7B0C-4DDE-41C6-8E1B-DBEFAC007F32}.Release|Any CPU.ActiveCfg = Release|Any CPU
		{FF1B7B0C-4DDE-41C6-8E1B-DBEFAC007F32}.Release|Any CPU.Build.0 = Release|Any CPU
	EndGlobalSection
	GlobalSection(SolutionProperties) = preSolution
		HideSolutionNode = FALSE
	EndGlobalSection
	GlobalSection(ExtensibilityGlobals) = postSolution
		SolutionGuid = {CAE74A80-283B-4519-8A09-0512488E1A44}
	EndGlobalSection
EndGlobal
